
Microsoft Visual Studio Solution File, Format Version 12.00
# Visual Studio 14
VisualStudioVersion = 14.0.25420.1
MinimumVisualStudioVersion = 10.0.40219.1
Project("{FAE04EC0-301F-11D3-BF4B-00C04F79EFBC}") = "premp", "premp.csproj", "{A76AAF4E-3039-4D13-9118-CA0CE6660163}"
EndProject
Global
	GlobalSection(SolutionConfigurationPlatforms) = preSolution
		Debug|Any CPU = Debug|Any CPU
		Release|Any CPU = Release|Any CPU
	EndGlobalSection
	GlobalSection(ProjectConfigurationPlatforms) = postSolution
		{A76AAF4E-3039-4D13-9118-CA0CE6660163}.Debug|Any CPU.ActiveCfg = Debug|Any CPU
		{A76AAF4E-3039-4D13-9118-CA0CE6660163}.Debug|Any CPU.Build.0 = Debug|Any CPU
		{A76AAF4E-3039-4D13-9118-CA0CE6660163}.Release|Any CPU.ActiveCfg = Release|Any CPU
		{A76AAF4E-3039-4D13-9118-CA0CE6660163}.Release|Any CPU.Build.0 = Release|Any CPU
	EndGlobalSection
	GlobalSection(SolutionProperties) = preSolution
		HideSolutionNode = FALSE
	EndGlobalSection
EndGlobal
